{
  "name": "dating-app",
  "lockfileVersion": 2,
  "requires": true,
  "packages": {
    "": {
      "dependencies": {
        "@ngbmodule/material-carousel": "^0.7.2"
      }
    },
    "node_modules/@ngbmodule/material-carousel": {
      "version": "0.7.2",
      "resolved": "https://registry.npmjs.org/@ngbmodule/material-carousel/-/material-carousel-0.7.2.tgz",
      "integrity": "sha512-ubIYq7VgnuajKMlEv+OrnIzZgyo3Es8dIk76pGJNfsBZaIeVtfgZi85gDydnzyj1uDbAzpMfFw0vvzf7ve22SA==",
      "dependencies": {
        "tslib": "^2.0.0"
      },
      "peerDependencies": {
        "@angular/material": "^10.0.1",
        "hammerjs": "^2.0.8",
        "rxjs": "~6.6.0"
      }
    },
    "node_modules/tslib": {
      "version": "2.4.0",
      "resolved": "https://registry.npmjs.org/tslib/-/tslib-2.4.0.tgz",
      "integrity": "sha512-d6xOpEDfsi2CZVlPQzGeux8XMwLT9hssAsaPYExaQMuYskwb+x1x7J371tWlbBdWHroy99KnVB6qIkUbs5X3UQ=="
    }
  },
  "dependencies": {
    "@ngbmodule/material-carousel": {
      "version": "0.7.2",
      "resolved": "https://registry.npmjs.org/@ngbmodule/material-carousel/-/material-carousel-0.7.2.tgz",
      "integrity": "sha512-ubIYq7VgnuajKMlEv+OrnIzZgyo3Es8dIk76pGJNfsBZaIeVtfgZi85gDydnzyj1uDbAzpMfFw0vvzf7ve22SA==",
      "requires": {
        "tslib": "^2.0.0"
      }
    },
    "tslib": {
      "version": "2.4.0",
      "resolved": "https://registry.npmjs.org/tslib/-/tslib-2.4.0.tgz",
      "integrity": "sha512-d6xOpEDfsi2CZVlPQzGeux8XMwLT9hssAsaPYExaQMuYskwb+x1x7J371tWlbBdWHroy99KnVB6qIkUbs5X3UQ=="
    }
  }
}
